{
  "name": "cloush",
  "version": "0.2.0",
  "lockfileVersion": 1,
  "requires": true,
  "dependencies": {
    "@types/socket.io-client": {
      "version": "1.4.32",
      "resolved": "https://registry.npmjs.org/@types/socket.io-client/-/socket.io-client-1.4.32.tgz",
      "integrity": "sha512-Vs55Kq8F+OWvy1RLA31rT+cAyemzgm0EWNeax6BWF8H7QiiOYMJIdcwSDdm5LVgfEkoepsWkS+40+WNb7BUMbg==",
      "dev": true
    },
    "@types/xterm": {
      "version": "3.0.0",
      "resolved": "https://registry.npmjs.org/@types/xterm/-/xterm-3.0.0.tgz",
      "integrity": "sha512-+VaAJQmE7E1d1ebkIh/Zdc2mbXBVwxZGGSgqwzDPpk/HKo0mNT+iX5ZrnswztHSV+CDV+bURl7Yg7PWF7IZfXQ==",
      "dev": true
    },
    "@typescript-eslint/eslint-plugin": {
      "version": "2.26.0",
      "resolved": "https://registry.npmjs.org/@typescript-eslint/eslint-plugin/-/eslint-plugin-2.26.0.tgz",
      "integrity": "sha512-4yUnLv40bzfzsXcTAtZyTjbiGUXMrcIJcIMioI22tSOyAxpdXiZ4r7YQUU8Jj6XXrLz9d5aMHPQf5JFR7h27Nw==",
      "dev": true,
      "dependencies": {
        "tsutils": {
          "version": "3.17.1",
          "resolved": "https://registry.npmjs.org/tsutils/-/tsutils-3.17.1.tgz",
          "integrity": "sha512-kzeQ5B8H3w60nFY2g8cJIuH7JDpsALXySGtwGJ0p2LSjLgay3NdIpqq5SoOBe46bKDW2iq25irHCr8wjomUS2g=="
        }
      }
    },
    "@typescript-eslint/parser": {
      "version": "2.26.0",
      "resolved": "https://registry.npmjs.org/@typescript-eslint/parser/-/parser-2.26.0.tgz",
      "integrity": "sha512-+Xj5fucDtdKEVGSh9353wcnseMRkPpEAOY96EEenN7kJVrLqy/EVwtIh3mxcUz8lsFXW1mT5nN5vvEam/a5HiQ==",
      "dev": true
    },
    "@vue/cli-plugin-babel": {
      "version": "4.3.1",
      "resolved": "https://registry.npmjs.org/@vue/cli-plugin-babel/-/cli-plugin-babel-4.3.1.tgz",
      "integrity": "sha512-tBqu0v1l4LfWX8xuJmofpp+8xQzKddFNxdLmeVDOX/omDBQX0qaVDeMUtRxxSTazI06SKr605SnUQoa35qwbvw==",
      "dev": true,
      "dependencies": {
        "@vue/cli-shared-utils": {
          "version": "4.3.1",
          "resolved": "https://registry.npmjs.org/@vue/cli-shared-utils/-/cli-shared-utils-4.3.1.tgz",
          "integrity": "sha512-lcfRalou7Z9jZgIh9PeTIpwDK7RIjr9OxfLGwbdR8czUZYUeUa67zVEMJD0OPYh/CCoREtzNbVfLPb/IYYxWEA=="
        },
        "semver": {
          "version": "6.3.0",
          "resolved": "https://registry.npmjs.org/semver/-/semver-6.3.0.tgz",
          "integrity": "sha512-b39TBaTSfV6yBrapU89p5fKekE2m/NwnDocOVruQFS1/veMgdzuPcnOM34M6CwxW8jH/lxEa5rBoDeUwu5HHTw=="
        }
      }
    },
    "@vue/cli-plugin-eslint": {
      "version": "4.3.1",
      "resolved": "https://registry.npmjs.org/@vue/cli-plugin-eslint/-/cli-plugin-eslint-4.3.1.tgz",
      "integrity": "sha512-5UEP93b8C/JQs9Rnuldsu8jMz0XO4wNXG0lL/GdChYBEheKCyXJXzan7qzEbIuvUwG3I+qlUkGsiyNokIgXejg==",
      "dev": true,
      "dependencies": {
        "@vue/cli-shared-utils": {
          "version": "4.3.1",
          "resolved": "https://registry.npmjs.org/@vue/cli-shared-utils/-/cli-shared-utils-4.3.1.tgz",
          "integrity": "sha512-lcfRalou7Z9jZgIh9PeTIpwDK7RIjr9OxfLGwbdR8czUZYUeUa67zVEMJD0OPYh/CCoREtzNbVfLPb/IYYxWEA=="
        },
        "semver": {
          "version": "6.3.0",
          "resolved": "https://registry.npmjs.org/semver/-/semver-6.3.0.tgz",
          "integrity": "sha512-b39TBaTSfV6yBrapU89p5fKekE2m/NwnDocOVruQFS1/veMgdzuPcnOM34M6CwxW8jH/lxEa5rBoDeUwu5HHTw=="
        }
      }
    },
    "@vue/cli-plugin-router": {
      "version": "4.3.1",
      "resolved": "https://registry.npmjs.org/@vue/cli-plugin-router/-/cli-plugin-router-4.3.1.tgz",
      "integrity": "sha512-m0ntr5R6q62oNMODgoyHAVAd/sDtsH15GdBrScZsPNeyHxmzmNBDlsNM38yYGGY064zDRRWif15d1yaTREybrA==",
      "dev": true,
      "dependencies": {
        "@vue/cli-shared-utils": {
          "version": "4.3.1",
          "resolved": "https://registry.npmjs.org/@vue/cli-shared-utils/-/cli-shared-utils-4.3.1.tgz",
          "integrity": "sha512-lcfRalou7Z9jZgIh9PeTIpwDK7RIjr9OxfLGwbdR8czUZYUeUa67zVEMJD0OPYh/CCoREtzNbVfLPb/IYYxWEA=="
        },
        "semver": {
          "version": "6.3.0",
          "resolved": "https://registry.npmjs.org/semver/-/semver-6.3.0.tgz",
          "integrity": "sha512-b39TBaTSfV6yBrapU89p5fKekE2m/NwnDocOVruQFS1/veMgdzuPcnOM34M6CwxW8jH/lxEa5rBoDeUwu5HHTw=="
        }
      }
    },
    "@vue/cli-plugin-typescript": {
      "version": "4.3.1",
      "resolved": "https://registry.npmjs.org/@vue/cli-plugin-typescript/-/cli-plugin-typescript-4.3.1.tgz",
      "integrity": "sha512-Uos7MTqG0btNMMhZdgLTPx24fqiiHhqz0Bow2rTeNa0piDeSjiQdyq0vgVKqJOLUu8zkvmG2jKUr15QQ0+yobQ==",
      "dev": true
    },
    "@vue/cli-service": {
      "version": "4.3.1",
      "resolved": "https://registry.npmjs.org/@vue/cli-service/-/cli-service-4.3.1.tgz",
      "integrity": "sha512-CsNGfHe+9oKZdRwJmweQ0KsMYM27ssg1eNQqRKL/t+IgDLO3Tu86uaOOCLn4ZAaU5oxxpq4aSFvz+A0YxQRSWw==",
      "dev": true,
      "dependencies": {
        "@vue/cli-plugin-router": {
          "version": "4.3.1",
          "resolved": "https://registry.npmjs.org/@vue/cli-plugin-router/-/cli-plugin-router-4.3.1.tgz",
          "integrity": "sha512-m0ntr5R6q62oNMODgoyHAVAd/sDtsH15GdBrScZsPNeyHxmzmNBDlsNM38yYGGY064zDRRWif15d1yaTREybrA=="
        },
        "@vue/cli-shared-utils": {
          "version": "4.3.1",
          "resolved": "https://registry.npmjs.org/@vue/cli-shared-utils/-/cli-shared-utils-4.3.1.tgz",
          "integrity": "sha512-lcfRalou7Z9jZgIh9PeTIpwDK7RIjr9OxfLGwbdR8czUZYUeUa67zVEMJD0OPYh/CCoREtzNbVfLPb/IYYxWEA=="
        },
        "acorn": {
          "version": "7.1.1",
          "resolved": "https://registry.npmjs.org/acorn/-/acorn-7.1.1.tgz",
          "integrity": "sha512-add7dgA5ppRPxCFJoAGfMDi7PIBXq1RtGo7BhbLaxwrXPOmw8gq48Y9ozT01hUKy9byMjlR20EJhu5zlkErEkg=="
        },
        "ajv": {
          "version": "6.12.0",
          "resolved": "https://registry.npmjs.org/ajv/-/ajv-6.12.0.tgz",
          "integrity": "sha512-D6gFiFA0RRLyUbvijN74DWAjXSFxWKaWP7mldxkVhyhAV3+SWA9HEJPHQ2c9soIeTFJqcSdFDGFgdqs1iUU2Hw=="
        },
        "cacache": {
          "version": "13.0.1",
          "resolved": "https://registry.npmjs.org/cacache/-/cacache-13.0.1.tgz",
          "integrity": "sha512-5ZvAxd05HDDU+y9BVvcqYu2LLXmPnQ0hW62h32g4xBTgL/MppR4/04NHfj/ycM2y6lmTnbw6HVi+1eN0Psba6w=="
        },
        "fast-deep-equal": {
          "version": "3.1.1",
          "resolved": "https://registry.npmjs.org/fast-deep-equal/-/fast-deep-equal-3.1.1.tgz",
          "integrity": "sha512-8UEa58QDLauDNfpbrX55Q9jrGHThw2ZMdOky5Gl1CDtVeJDPVrG4Jxx1N8jw2gkWaff5UUuX1KJd+9zGe2B+ZA=="
        },
        "find-cache-dir": {
          "version": "3.3.1",
          "resolved": "https://registry.npmjs.org/find-cache-dir/-/find-cache-dir-3.3.1.tgz",
          "integrity": "sha512-t2GDMt3oGC/v+BMwzmllWDuJF/xcDtE5j/fCGbqDD7OLuJkj0cfh1YSA5VKPvwMeLFLNDBkwOKZ2X85jGLVftQ=="
        },
        "find-up": {
          "version": "4.1.0",
          "resolved": "https://registry.npmjs.org/find-up/-/find-up-4.1.0.tgz",
          "integrity": "sha512-PpOwAdQ/YlXQ2vj8a3h8IipDuYRi3wceVQQGYWxNINccq40Anw7BlsEXCMbt1Zt+OLA6Fq9suIpIWD0OsnISlw=="
        },
        "locate-path": {
          "version": "5.0.0",
          "resolved": "https://registry.npmjs.org/locate-path/-/locate-path-5.0.0.tgz",
          "integrity": "sha512-t7hw9pI+WvuwNJXwk5zVHpyhIqzg2qTlklJOf0mVxGSbe3Fp2VieZcduNYjaLDoy6p9uGpQEGWG87WpMKlNq8g=="
        },
        "make-dir": {
          "version": "3.0.2",
          "resolved": "https://registry.npmjs.org/make-dir/-/make-dir-3.0.2.tgz",
          "integrity": "sha512-rYKABKutXa6vXTXhoV18cBE7PaewPXHe/Bdq4v+ZLMhxbWApkFFplT0LcbMW+6BbjnQXzZ/sAvSE/JdguApG5w=="
        },
        "minimist": {
          "version": "1.2.5",
          "resolved": "https://registry.npmjs.org/minimist/-/minimist-1.2.5.tgz",
          "integrity": "sha512-FM9nNUYrRBAELZQT3xeZQ7fmMOBg6nWNmJKTcgsJeaLstP/UODVpGsr5OhXhhXg6f+qtJ8uiZ+PUxkDWcgIXLw=="
        },
        "p-limit": {
          "version": "2.3.0",
          "resolved": "https://registry.npmjs.org/p-limit/-/p-limit-2.3.0.tgz",
          "integrity": "sha512-//88mFWSJx8lxCzwdAABTJL2MyWB12+eIY7MDL2SqLmAkeKU9qxRvWuSyTjm3FUmpBEMuFfckAIqEaVGUDxb6w=="
        },
        "p-locate": {
          "version": "4.1.0",
          "resolved": "https://registry.npmjs.org/p-locate/-/p-locate-4.1.0.tgz",
          "integrity": "sha512-R79ZZ/0wAxKGu3oYMlz8jy/kbhsNrS7SKZ7PxEHBgJ5+F2mtFW2fK2cOtBh1cHYkQsbzFV7I+EoRKe6Yt0oK7A=="
        },
        "p-map": {
          "version": "3.0.0",
          "resolved": "https://registry.npmjs.org/p-map/-/p-map-3.0.0.tgz",
          "integrity": "sha512-d3qXVTF/s+W+CdJ5A29wywV2n8CQQYahlgz2bFiA+4eVNJbHJodPZ+/gXwPGh0bOqA+j8S+6+ckmvLGPk1QpxQ=="
        },
        "path-exists": {
          "version": "4.0.0",
          "resolved": "https://registry.npmjs.org/path-exists/-/path-exists-4.0.0.tgz",
          "integrity": "sha512-ak9Qy5Q7jYb2Wwcey5Fpvg2KoAc/ZIhLSLOSBmRmygPsGwkVVt0fZa0qrtMz+m6tJTAHfZQ8FnmB4MG4LWy7/w=="
        },
        "pkg-dir": {
          "version": "4.2.0",
          "resolved": "https://registry.npmjs.org/pkg-dir/-/pkg-dir-4.2.0.tgz",
          "integrity": "sha512-HRDzbaKjC+AOWVXxAU/x54COGeIv9eb+6CkDSQoNTt4XyWoIJvuPsXizxu/Fr23EiekbtZwmh1IcIG/l/a10GQ=="
        },
        "schema-utils": {
          "version": "2.6.5",
          "resolved": "https://registry.npmjs.org/schema-utils/-/schema-utils-2.6.5.tgz",
          "integrity": "sha512-5KXuwKziQrTVHh8j/Uxz+QUbxkaLW9X/86NBlx/gnKgtsZA2GIVMUn17qWhRFwF8jdYb3Dig5hRO/W5mZqy6SQ=="
        },
        "semver": {
          "version": "6.3.0",
          "resolved": "https://registry.npmjs.org/semver/-/semver-6.3.0.tgz",
          "integrity": "sha512-b39TBaTSfV6yBrapU89p5fKekE2m/NwnDocOVruQFS1/veMgdzuPcnOM34M6CwxW8jH/lxEa5rBoDeUwu5HHTw=="
        },
        "serialize-javascript": {
          "version": "2.1.2",
          "resolved": "https://registry.npmjs.org/serialize-javascript/-/serialize-javascript-2.1.2.tgz",
          "integrity": "sha512-rs9OggEUF0V4jUSecXazOYsLfu7OGK2qIn3c7IPBiffz32XniEp/TX9Xmc9LQfK2nQ2QKHvZ2oygKUGU0lG4jQ=="
        },
        "source-map": {
          "version": "0.6.1",
          "resolved": "https://registry.npmjs.org/source-map/-/source-map-0.6.1.tgz",
          "integrity": "sha512-UjgapumWlbMhkBgzT7Ykc5YXUT46F0iKu8SGXq0bcwP5dz/h0Plj6enJqjz1Zbq2l5WaqYnrVbwWOWMyF3F47g=="
        },
        "ssri": {
          "version": "7.1.0",
          "resolved": "https://registry.npmjs.org/ssri/-/ssri-7.1.0.tgz",
          "integrity": "sha512-77/WrDZUWocK0mvA5NTRQyveUf+wsrIc6vyrxpS8tVvYBcX215QbafrJR3KtkpskIzoFLqqNuuYQvxaMjXJ/0g=="
        },
        "terser": {
          "version": "4.6.11",
          "resolved": "https://registry.npmjs.org/terser/-/terser-4.6.11.tgz",
          "integrity": "sha512-76Ynm7OXUG5xhOpblhytE7X58oeNSmC8xnNhjWVo8CksHit0U0kO4hfNbPrrYwowLWFgM2n9L176VNx2QaHmtA=="
        },
        "terser-webpack-plugin": {
          "version": "2.3.5",
          "resolved": "https://registry.npmjs.org/terser-webpack-plugin/-/terser-webpack-plugin-2.3.5.tgz",
          "integrity": "sha512-WlWksUoq+E4+JlJ+h+U+QUzXpcsMSSNXkDy9lBVkSqDn1w23Gg29L/ary9GeJVYCGiNJJX7LnVc4bwL1N3/g1w=="
        }
      }
    },
    "@vue/eslint-config-typescript": {
      "version": "5.0.2",
      "resolved": "https://registry.npmjs.org/@vue/eslint-config-typescript/-/eslint-config-typescript-5.0.2.tgz",
      "integrity": "sha512-GEZOHKOnelgQf5npA+6VNuhJZu9xEJaics3SYUyRjaSay+2SCpEINHhEpt6fXoNy/aIFt8CkDlt9CaEb+QPIcg==",
      "dev": true
    },
    "core-js": {
      "version": "3.6.5",
      "resolved": "https://registry.npmjs.org/core-js/-/core-js-3.6.5.tgz",
      "integrity": "sha512-vZVEEwZoIsI+vPEuoF9Iqf5H7/M3eeQqWlQnYa8FSKKePuYTf5MWnxb5SDAzCa60b3JBRS5g9b+Dq7b1y/RCrA=="
    },
    "eslint": {
      "version": "6.8.0",
      "resolved": "https://registry.npmjs.org/eslint/-/eslint-6.8.0.tgz",
      "integrity": "sha512-K+Iayyo2LtyYhDSYwz5D5QdWw0hCacNzyq1Y821Xna2xSJj7cijoLLYmLxTQgcgZ9mC61nryMy9S7GRbYpI5Ig==",
      "dev": true,
      "dependencies": {
        "eslint-scope": {
          "version": "5.0.0",
          "resolved": "https://registry.npmjs.org/eslint-scope/-/eslint-scope-5.0.0.tgz",
          "integrity": "sha512-oYrhJW7S0bxAFDvWqzvMPRm6pcgcnWc4QnofCAqRTRfQC0JcwenzGglTtsLyIuuWFfkqDG9vz67cnttSd53djw=="
        },
        "eslint-utils": {
          "version": "1.4.3",
          "resolved": "https://registry.npmjs.org/eslint-utils/-/eslint-utils-1.4.3.tgz",
          "integrity": "sha512-fbBN5W2xdY45KulGXmLHZ3c3FHfVYmKg0IrAKGOkT/464PQsx2UeIzfz1RmEci+KLm1bBaAzZAh8+/E+XAeZ8Q=="
        },
        "glob-parent": {
          "version": "5.1.1",
          "resolved": "https://registry.npmjs.org/glob-parent/-/glob-parent-5.1.1.tgz",
          "integrity": "sha512-FnI+VGOpnlGHWZxthPGR+QhR78fuiK0sNLkHQv+bL9fQi57lNNdquIbna/WrfROrolq8GK5Ek6BiMwqL/voRYQ=="
        },
        "globals": {
          "version": "12.4.0",
          "resolved": "https://registry.npmjs.org/globals/-/globals-12.4.0.tgz",
          "integrity": "sha512-BWICuzzDvDoH54NHKCseDanAhE3CeDorgDL5MT6LMXXj2WCnd9UC2szdk4AWLfjdgNBCXLUanXYcpBBKOSWGwg=="
        },
        "import-fresh": {
          "version": "3.2.1",
          "resolved": "https://registry.npmjs.org/import-fresh/-/import-fresh-3.2.1.tgz",
          "integrity": "sha512-6e1q1cnWP2RXD9/keSkxHScg508CdXqXWgWBaETNhyuBFz+kUZlKboh+ISK+bU++DmbHimVBrOz/zzPe0sZ3sQ=="
        },
        "regexpp": {
          "version": "2.0.1",
          "resolved": "https://registry.npmjs.org/regexpp/-/regexpp-2.0.1.tgz",
          "integrity": "sha512-lv0M6+TkDVniA3aD1Eg0DVpfU/booSu7Eev3TDO/mZKHBfVjgCGTV4t4buppESEYDtkArYFOxTJWv6S5C+iaNw=="
        },
        "resolve-from": {
          "version": "4.0.0",
          "resolved": "https://registry.npmjs.org/resolve-from/-/resolve-from-4.0.0.tgz",
          "integrity": "sha512-pb/MYmXstAkysRFx8piNI1tGFNQIFA3vkE3Gq4EuA1dF6gHp/+vgZqsCGJapvy8N3Q+4o7FwvquPJcnZ7RYy4g=="
        },
        "semver": {
          "version": "6.3.0",
          "resolved": "https://registry.npmjs.org/semver/-/semver-6.3.0.tgz",
          "integrity": "sha512-b39TBaTSfV6yBrapU89p5fKekE2m/NwnDocOVruQFS1/veMgdzuPcnOM34M6CwxW8jH/lxEa5rBoDeUwu5HHTw=="
        },
        "strip-ansi": {
          "version": "5.2.0",
          "resolved": "https://registry.npmjs.org/strip-ansi/-/strip-ansi-5.2.0.tgz",
          "integrity": "sha512-DuRs1gKbBqsMKIZlrffwlug8MHkcnpjs5VPmL1PAh+mA30U0DTotfDZ0d2UUsXpPmPmMMJ6W773MaA3J+lbiWA=="
        },
        "type-fest": {
          "version": "0.8.1",
          "resolved": "https://registry.npmjs.org/type-fest/-/type-fest-0.8.1.tgz",
          "integrity": "sha512-4dbzIzqvjtgiM5rw1k5rEHtBANKmdudhGyBEajN01fEyhaAIhsoKNy6y7+IN93IfpFtwY9iqi7kD+xwKhQsNJA=="
        }
      }
    },
    "eslint-plugin-vue": {
      "version": "6.2.2",
      "resolved": "https://registry.npmjs.org/eslint-plugin-vue/-/eslint-plugin-vue-6.2.2.tgz",
      "integrity": "sha512-Nhc+oVAHm0uz/PkJAWscwIT4ijTrK5fqNqz9QB1D35SbbuMG1uB6Yr5AJpvPSWg+WOw7nYNswerYh0kOk64gqQ==",
      "dev": true
    },
    "jssha": {
      "version": "3.1.0",
      "resolved": "https://registry.npmjs.org/jssha/-/jssha-3.1.0.tgz",
      "integrity": "sha512-tPCmr8xSLd8ug6N51k0rbF1tAQWZz1i/uCVHpCH9dl+Te+wM/T375R3lTexP3bk1HPmQ+NlJHQPYLmYuyk6slA=="
    },
    "sass": {
      "version": "1.26.5",
      "resolved": "https://registry.npmjs.org/sass/-/sass-1.26.5.tgz",
      "integrity": "sha512-FG2swzaZUiX53YzZSjSakzvGtlds0lcbF+URuU9mxOv7WBh7NhXEVDa4kPKN4hN6fC2TkOTOKqiqp6d53N9X5Q==",
      "dev": true
    },
    "sass-loader": {
      "version": "8.0.2",
      "resolved": "https://registry.npmjs.org/sass-loader/-/sass-loader-8.0.2.tgz",
      "integrity": "sha512-7o4dbSK8/Ol2KflEmSco4jTjQoV988bM82P9CZdmo9hR3RLnvNc0ufMNdMrB0caq38JQ/FgF4/7RcbcfKzxoFQ==",
      "dev": true,
      "dependencies": {
        "semver": {
          "version": "6.3.0",
          "resolved": "https://registry.npmjs.org/semver/-/semver-6.3.0.tgz",
          "integrity": "sha512-b39TBaTSfV6yBrapU89p5fKekE2m/NwnDocOVruQFS1/veMgdzuPcnOM34M6CwxW8jH/lxEa5rBoDeUwu5HHTw=="
        }
      }
    },
    "socket.io-client": {
      "version": "2.3.0",
      "resolved": "https://registry.npmjs.org/socket.io-client/-/socket.io-client-2.3.0.tgz",
      "integrity": "sha512-cEQQf24gET3rfhxZ2jJ5xzAOo/xhZwK+mOqtGRg5IowZsMgwvHwnf/mCRapAAkadhM26y+iydgwsXGObBB5ZdA==",
      "dependencies": {
        "component-emitter": {
          "version": "1.2.1",
          "resolved": "https://registry.npmjs.org/component-emitter/-/component-emitter-1.2.1.tgz",
          "integrity": "sha1-E3kY1teCg/ffemt8WmPhQOaUJeY="
        }
      }
    },
    "typescript": {
      "version": "3.8.3",
      "resolved": "https://registry.npmjs.org/typescript/-/typescript-3.8.3.tgz",
      "integrity": "sha512-MYlEfn5VrLNsgudQTVJeNaQFUAI7DkhnOjdpAp4T+ku1TfQClewlbSuTVHiA+8skNBgaf02TL/kLOvig4y3G8w==",
      "dev": true
    },
    "unlib.js": {
      "version": "git+https://github.com/Luluno01/unlib.js.git#80fcc938186d053d802db10b4f26bee6373a9eec",
      "from": "git+https://github.com/Luluno01/unlib.js.git#80fcc938186d053d802db10b4f26bee6373a9eec"
    },
    "vue": {
      "version": "2.6.11",
      "resolved": "https://registry.npmjs.org/vue/-/vue-2.6.11.tgz",
      "integrity": "sha512-VfPwgcGABbGAue9+sfrD4PuwFar7gPb1yl1UK1MwXoQPAw0BKSqWfoYCT/ThFrdEVWoI51dBuyCoiNU9bZDZxQ=="
    },
    "vue-class-component": {
      "version": "7.2.3",
      "resolved": "https://registry.npmjs.org/vue-class-component/-/vue-class-component-7.2.3.tgz",
      "integrity": "sha512-oEqYpXKaFN+TaXU+mRLEx8dX0ah85aAJEe61mpdoUrq0Bhe/6sWhyZX1JjMQLhVsHAkncyhedhmCdDVSasUtDw=="
    },
    "vue-cli-plugin-vuetify": {
      "version": "2.0.5",
      "resolved": "https://registry.npmjs.org/vue-cli-plugin-vuetify/-/vue-cli-plugin-vuetify-2.0.5.tgz",
      "integrity": "sha512-jtxcidjLT5f1H9QLYKLFjo/ZG42ud4pI9bK3WNO5DXyhiMDMTwSZ7b3NcJVRH7tKYbv5/ty0VPdDGlf4w22AMA==",
      "dev": true,
      "dependencies": {
        "semver": {
          "version": "7.1.3",
          "resolved": "https://registry.npmjs.org/semver/-/semver-7.1.3.tgz",
          "integrity": "sha512-ekM0zfiA9SCBlsKa2X1hxyxiI4L3B6EbVJkkdgQXnSEEaHlGdvyodMruTiulSRWMMB4NeIuYNMC9rTKTz97GxA=="
        }
      }
    },
    "vue-property-decorator": {
      "version": "8.4.2",
      "resolved": "https://registry.npmjs.org/vue-property-decorator/-/vue-property-decorator-8.4.2.tgz",
      "integrity": "sha512-IqbARlvgPE2pzKfbecKxsu2yEH0Wv7hfHR6m4eZA3LTnNw9hveAX77vDfLFyTeMISS5N7Kucp/xRSHjcQ6bAfQ=="
    },
    "vue-router": {
      "version": "3.1.6",
      "resolved": "https://registry.npmjs.org/vue-router/-/vue-router-3.1.6.tgz",
      "integrity": "sha512-GYhn2ynaZlysZMkFE5oCHRUTqE8BWs/a9YbKpNLi0i7xD6KG1EzDqpHQmv1F5gXjr8kL5iIVS8EOtRaVUEXTqA=="
    },
    "vue-template-compiler": {
      "version": "2.6.11",
      "resolved": "https://registry.npmjs.org/vue-template-compiler/-/vue-template-compiler-2.6.11.tgz",
      "integrity": "sha512-KIq15bvQDrcCjpGjrAhx4mUlyyHfdmTaoNfeoATHLAiWB+MU3cx4lOzMwrnUh9cCxy0Lt1T11hAFY6TQgroUAA==",
      "dev": true
    },
    "vuetify": {
      "version": "2.6.10",
      "resolved": "https://registry.npmjs.org/vuetify/-/vuetify-2.6.10.tgz",
      "integrity": "sha512-fgUeRDDCwYkwu6WGEEKGe7IdfzOsXJCZGrqkn1pcS2ycuoDL8mR2/dejH5iFNnBY6MnsT365PAGn0J+9otjfQg=="
    },
    "vuetify-loader": {
      "version": "1.4.3",
      "resolved": "https://registry.npmjs.org/vuetify-loader/-/vuetify-loader-1.4.3.tgz",
      "integrity": "sha512-fS0wRil682Ebsj2as+eruBoMPKaQYDhu/fDAndnTItzSY4RK4LOEIsssVL4vD6QY8dvUgoGL84SUQ6vGr777CA==",
      "dev": true
    },
    "xterm": {
      "version": "4.5.0",
      "resolved": "https://registry.npmjs.org/xterm/-/xterm-4.5.0.tgz",
      "integrity": "sha512-4t12tsvtYnv13FBJwewddxdI/j4kSonmbQQv50j34R/rPIFbUNGtptbprmuUlTDAKvHLMDZ/Np2XcpNimga/HQ=="
    },
    "xterm-addon-fit": {
      "version": "0.3.0",
      "resolved": "https://registry.npmjs.org/xterm-addon-fit/-/xterm-addon-fit-0.3.0.tgz",
      "integrity": "sha512-kvkiqHVrnMXgyCH9Xn0BOBJ7XaWC/4BgpSWQy3SueqximgW630t/QOankgqkvk11iTOCwWdAY9DTyQBXUMN3lw=="
    },
    "xterm-addon-search": {
      "version": "0.6.0",
      "resolved": "https://registry.npmjs.org/xterm-addon-search/-/xterm-addon-search-0.6.0.tgz",
      "integrity": "sha512-k3EsZzUptCXygHFP5rQuCBdWWkI/ZNuX3pDSOVdxPV9jB7U5Aha9guTIZoMP7FIjL8jce+ClQs6q7VINcRV1+w=="
    },
    "xterm-addon-web-links": {
      "version": "0.3.0",
      "resolved": "https://registry.npmjs.org/xterm-addon-web-links/-/xterm-addon-web-links-0.3.0.tgz",
      "integrity": "sha512-vGXiIDqNMyxK5S1IzOjDqcgeQrrv7TDcSHiOeCNAoWCI2f+Rap9d18gjgnMKPyR+AbG0KoKnaKA6Dc1du1vs5A=="
    },
    "xterm-addon-webgl": {
      "version": "0.6.0",
      "resolved": "https://registry.npmjs.org/xterm-addon-webgl/-/xterm-addon-webgl-0.6.0.tgz",
      "integrity": "sha512-1RToOJSZOF3qyJJhF9/LDHf6DNOX4mIYtpMnMNghhLUC/rZg+H5qf73dlP2KDtr9ZkZTJvVlu4SVF8lDGrvT2w=="
    }
  }
}
